PODS:
  - FlutterMacOS (1.0.0)
  - rust_flutter_ffi (0.0.1)

DEPENDENCIES:
  - FlutterMacOS (from `Flutter/ephemeral`)
  - rust_flutter_ffi (from `Flutter/ephemeral/.symlinks/plugins/rust_flutter_ffi/macos`)

EXTERNAL SOURCES:
  FlutterMacOS:
    :path: Flutter/ephemeral
  rust_flutter_ffi:
    :path: Flutter/ephemeral/.symlinks/plugins/rust_flutter_ffi/macos

SPEC CHECKSUMS:
  FlutterMacOS: 8f6f14fa908a6fb3fba0cd85dbd81ec4b251fb24
  rust_flutter_ffi: 811cac3bb09ed26d13b1482958943bb9c42e8d1a

PODFILE CHECKSUM: c2e95c8c0fe03c5c57e438583cae4cc732296009

COCOAPODS: 1.15.2
